
Microsoft Visual Studio Solution File, Format Version 12.00
# Visual Studio Version 17
VisualStudioVersion = 17.10.35013.160
MinimumVisualStudioVersion = 10.0.40219.1
Project("{FAE04EC0-301F-11D3-BF4B-00C04F79EFBC}") = "Jakojäännös", "Jakojäännös\Jakojäännös.csproj", "{E8CFC123-865A-43F4-BC2F-9A95E3781B3A}"
EndProject
Global
	GlobalSection(SolutionConfigurationPlatforms) = preSolution
		Debug|Any CPU = Debug|Any CPU
		Release|Any CPU = Release|Any CPU
	EndGlobalSection
	GlobalSection(ProjectConfigurationPlatforms) = postSolution
		{E8CFC123-865A-43F4-BC2F-9A95E3781B3A}.Debug|Any CPU.ActiveCfg = Debug|Any CPU
		{E8CFC123-865A-43F4-BC2F-9A95E3781B3A}.Debug|Any CPU.Build.0 = Debug|Any CPU
		{E8CFC123-865A-43F4-BC2F-9A95E3781B3A}.Release|Any CPU.ActiveCfg = Release|Any CPU
		{E8CFC123-865A-43F4-BC2F-9A95E3781B3A}.Release|Any CPU.Build.0 = Release|Any CPU
	EndGlobalSection
	GlobalSection(SolutionProperties) = preSolution
		HideSolutionNode = FALSE
	EndGlobalSection
	GlobalSection(ExtensibilityGlobals) = postSolution
		SolutionGuid = {04C48042-3AAD-461D-B8DC-E2C13D1533EF}
	EndGlobalSection
EndGlobal
